<?xml version="1.0" encoding="utf-8"?>
<Project ToolsVersion="4.0" xmlns="http://schemas.microsoft.com/developer/msbuild/2003">
  <ItemGroup>
    <Filter Include="Resource Files">
      <UniqueIdentifier>{67DA6AB6-F800-4c08-8B7A-83BB121AAD01}</UniqueIdentifier>
      <Extensions>rc;ico;cur;bmp;dlg;rc2;rct;bin;rgs;gif;jpg;jpeg;jpe;resx;tiff;tif;png;wav;mfcribbon-ms</Extensions>
    </Filter>
    <Filter Include="Logger">
      <UniqueIdentifier>{cf7b8278-0fbc-4b87-8097-6b32adc2645b}</UniqueIdentifier>
    </Filter>
    <Filter Include="Service">
      <UniqueIdentifier>{91a1ca02-dd8c-4a32-861a-4a76c3716604}</UniqueIdentifier>
    </Filter>
    <Filter Include="Thread">
      <UniqueIdentifier>{cc10a970-2d7c-404e-968c-2de251735820}</UniqueIdentifier>
    </Filter>
  </ItemGroup>
  <ItemGroup>
    <ClCompile Include="ConsoleLogger.cpp">
      <Filter>Logger</Filter>
    </ClCompile>
    <ClCompile Include="ConsoleLoggerMT.cpp">
      <Filter>Logger</Filter>
    </ClCompile>
    <ClCompile Include="ThreadManager.cpp">
      <Filter>Thread</Filter>
    </ClCompile>
  </ItemGroup>
  <ItemGroup>
    <ClInclude Include="Cubey2.h" />
    <ClInclude Include="ConsoleLogger.h">
      <Filter>Logger</Filter>
    </ClInclude>
    <ClInclude Include="ILogger.h">
      <Filter>Logger</Filter>
    </ClInclude>
    <ClInclude Include="OrderedConditionVar.h" />
    <ClInclude Include="DuoBuffer.h" />
    <ClInclude Include="DuoBufferMTB.h" />
    <ClInclude Include="ConsoleLoggerMT.h">
      <Filter>Logger</Filter>
    </ClInclude>
    <ClInclude Include="IService.h">
      <Filter>Service</Filter>
    </ClInclude>
    <ClInclude Include="ServiceLocator.h">
      <Filter>Service</Filter>
    </ClInclude>
    <ClInclude Include="Thread.h">
      <Filter>Thread</Filter>
    </ClInclude>
    <ClInclude Include="ThreadManager.h">
      <Filter>Thread</Filter>
    </ClInclude>
  </ItemGroup>
</Project>